
Microsoft Visual Studio Solution File, Format Version 12.00
# Visual Studio Version 16
VisualStudioVersion = 16.0.31025.194
MinimumVisualStudioVersion = 10.0.40219.1
Project("{9A19103F-16F7-4668-BE54-9A1E7A4F7556}") = "BlazorBattles.Server", "BlazorBattles\Server\BlazorBattles.Server.csproj", "{D629229A-E532-46A4-861D-8BA2917C7145}"
EndProject
Project("{9A19103F-16F7-4668-BE54-9A1E7A4F7556}") = "BlazorBattles.Client", "BlazorBattles\Client\BlazorBattles.Client.csproj", "{6917D5E9-9702-4A47-A28E-3BAEF1EADDF4}"
EndProject
Project("{9A19103F-16F7-4668-BE54-9A1E7A4F7556}") = "BlazorBattles.Shared", "BlazorBattles\Shared\BlazorBattles.Shared.csproj", "{0A9ED306-6871-4359-A285-625D104B2547}"
EndProject
Global
	GlobalSection(SolutionConfigurationPlatforms) = preSolution
		Debug|Any CPU = Debug|Any CPU
		Release|Any CPU = Release|Any CPU
	EndGlobalSection
	GlobalSection(ProjectConfigurationPlatforms) = postSolution
		{D629229A-E532-46A4-861D-8BA2917C7145}.Debug|Any CPU.ActiveCfg = Debug|Any CPU
		{D629229A-E532-46A4-861D-8BA2917C7145}.Debug|Any CPU.Build.0 = Debug|Any CPU
		{D629229A-E532-46A4-861D-8BA2917C7145}.Release|Any CPU.ActiveCfg = Release|Any CPU
		{D629229A-E532-46A4-861D-8BA2917C7145}.Release|Any CPU.Build.0 = Release|Any CPU
		{6917D5E9-9702-4A47-A28E-3BAEF1EADDF4}.Debug|Any CPU.ActiveCfg = Debug|Any CPU
		{6917D5E9-9702-4A47-A28E-3BAEF1EADDF4}.Debug|Any CPU.Build.0 = Debug|Any CPU
		{6917D5E9-9702-4A47-A28E-3BAEF1EADDF4}.Release|Any CPU.ActiveCfg = Release|Any CPU
		{6917D5E9-9702-4A47-A28E-3BAEF1EADDF4}.Release|Any CPU.Build.0 = Release|Any CPU
		{0A9ED306-6871-4359-A285-625D104B2547}.Debug|Any CPU.ActiveCfg = Debug|Any CPU
		{0A9ED306-6871-4359-A285-625D104B2547}.Debug|Any CPU.Build.0 = Debug|Any CPU
		{0A9ED306-6871-4359-A285-625D104B2547}.Release|Any CPU.ActiveCfg = Release|Any CPU
		{0A9ED306-6871-4359-A285-625D104B2547}.Release|Any CPU.Build.0 = Release|Any CPU
	EndGlobalSection
	GlobalSection(SolutionProperties) = preSolution
		HideSolutionNode = FALSE
	EndGlobalSection
	GlobalSection(ExtensibilityGlobals) = postSolution
		SolutionGuid = {98AADCBE-E8E1-43FE-8909-E79634C1591A}
	EndGlobalSection
EndGlobal
